
Microsoft Visual Studio Solution File, Format Version 12.00
# Visual Studio Version 16
VisualStudioVersion = 16.0.29609.76
MinimumVisualStudioVersion = 10.0.40219.1
Project("{FAE04EC0-301F-11D3-BF4B-00C04F79EFBC}") = "Serialization_Deserialization", "Serialization_Deserialization\Serialization_Deserialization.csproj", "{5D07F866-AD25-4CBA-BDAE-F4255B4823C0}"
EndProject
Project("{FAE04EC0-301F-11D3-BF4B-00C04F79EFBC}") = "Serialize_DeserializeXML", "Serialize_DeserializeXML\Serialize_DeserializeXML.csproj", "{22BDAA7A-0FCF-4B19-875E-5A33C022111A}"
EndProject
Project("{FAE04EC0-301F-11D3-BF4B-00C04F79EFBC}") = "SerializeDeserilizeJSON", "SerializeDeserilizeJSON\SerializeDeserilizeJSON.csproj", "{9671D643-D221-4325-ABE6-AEFCDF432A4B}"
EndProject
Global
	GlobalSection(SolutionConfigurationPlatforms) = preSolution
		Debug|Any CPU = Debug|Any CPU
		Release|Any CPU = Release|Any CPU
	EndGlobalSection
	GlobalSection(ProjectConfigurationPlatforms) = postSolution
		{5D07F866-AD25-4CBA-BDAE-F4255B4823C0}.Debug|Any CPU.ActiveCfg = Debug|Any CPU
		{5D07F866-AD25-4CBA-BDAE-F4255B4823C0}.Debug|Any CPU.Build.0 = Debug|Any CPU
		{5D07F866-AD25-4CBA-BDAE-F4255B4823C0}.Release|Any CPU.ActiveCfg = Release|Any CPU
		{5D07F866-AD25-4CBA-BDAE-F4255B4823C0}.Release|Any CPU.Build.0 = Release|Any CPU
		{22BDAA7A-0FCF-4B19-875E-5A33C022111A}.Debug|Any CPU.ActiveCfg = Debug|Any CPU
		{22BDAA7A-0FCF-4B19-875E-5A33C022111A}.Debug|Any CPU.Build.0 = Debug|Any CPU
		{22BDAA7A-0FCF-4B19-875E-5A33C022111A}.Release|Any CPU.ActiveCfg = Release|Any CPU
		{22BDAA7A-0FCF-4B19-875E-5A33C022111A}.Release|Any CPU.Build.0 = Release|Any CPU
		{9671D643-D221-4325-ABE6-AEFCDF432A4B}.Debug|Any CPU.ActiveCfg = Debug|Any CPU
		{9671D643-D221-4325-ABE6-AEFCDF432A4B}.Debug|Any CPU.Build.0 = Debug|Any CPU
		{9671D643-D221-4325-ABE6-AEFCDF432A4B}.Release|Any CPU.ActiveCfg = Release|Any CPU
		{9671D643-D221-4325-ABE6-AEFCDF432A4B}.Release|Any CPU.Build.0 = Release|Any CPU
	EndGlobalSection
	GlobalSection(SolutionProperties) = preSolution
		HideSolutionNode = FALSE
	EndGlobalSection
	GlobalSection(ExtensibilityGlobals) = postSolution
		SolutionGuid = {211886C0-D492-4DCF-AFB3-B4197B75CF2E}
	EndGlobalSection
EndGlobal
