
Microsoft Visual Studio Solution File, Format Version 12.00
# Visual Studio 15
VisualStudioVersion = 15.0.28307.1525
MinimumVisualStudioVersion = 10.0.40219.1
Project("{9A19103F-16F7-4668-BE54-9A1E7A4F7556}") = "CsharpAdvance_Intemediate", "CsharpAdvance_Intemediate\CsharpAdvance_Intemediate.csproj", "{5555F407-D67A-40A5-8400-E67984EAD40C}"
EndProject
Project("{9A19103F-16F7-4668-BE54-9A1E7A4F7556}") = "WithSingleResponsibility", "WithSingleResponsibility\WithSingleResponsibility.csproj", "{51610FA5-3D9E-445C-BEF8-642586CEB2BC}"
EndProject
Project("{9A19103F-16F7-4668-BE54-9A1E7A4F7556}") = "WithoutOpenClosedPrincple", "WithoutOpenClosedPrincple\WithoutOpenClosedPrincple.csproj", "{21306BBC-16B4-4192-8C3E-F7154C1FBDA7}"
EndProject
Project("{9A19103F-16F7-4668-BE54-9A1E7A4F7556}") = "WithOCP", "WithOCP\WithOCP.csproj", "{2E407576-734D-4CCB-BCE6-E4472B94D3F6}"
EndProject
Project("{9A19103F-16F7-4668-BE54-9A1E7A4F7556}") = "WithoutISP", "WithoutISP\WithoutISP.csproj", "{85C8B5BC-DBA9-4842-A958-72D2A6F6FF7F}"
EndProject
Project("{9A19103F-16F7-4668-BE54-9A1E7A4F7556}") = "WithISP", "WithISP\WithISP.csproj", "{F835217B-12AD-47EE-904D-3ADCFFFCD071}"
EndProject
Project("{9A19103F-16F7-4668-BE54-9A1E7A4F7556}") = "WithoutDIP", "WithoutDIP\WithoutDIP.csproj", "{D1F6E5FD-18F7-4558-90FA-456079E5CC38}"
EndProject
Project("{9A19103F-16F7-4668-BE54-9A1E7A4F7556}") = "WithDIP", "WithDIP\WithDIP.csproj", "{E6D45BE2-2D2C-4C81-86A9-1A56AD05C31F}"
EndProject
Project("{2150E333-8FDC-42A3-9474-1A3956D46DE8}") = "Solution Items", "Solution Items", "{B4A5A872-3154-4977-97E1-A61A0F5C9F76}"
	ProjectSection(SolutionItems) = preProject
		TextFile1.txt = TextFile1.txt
	EndProjectSection
EndProject
Global
	GlobalSection(SolutionConfigurationPlatforms) = preSolution
		Debug|Any CPU = Debug|Any CPU
		Release|Any CPU = Release|Any CPU
	EndGlobalSection
	GlobalSection(ProjectConfigurationPlatforms) = postSolution
		{5555F407-D67A-40A5-8400-E67984EAD40C}.Debug|Any CPU.ActiveCfg = Debug|Any CPU
		{5555F407-D67A-40A5-8400-E67984EAD40C}.Debug|Any CPU.Build.0 = Debug|Any CPU
		{5555F407-D67A-40A5-8400-E67984EAD40C}.Release|Any CPU.ActiveCfg = Release|Any CPU
		{5555F407-D67A-40A5-8400-E67984EAD40C}.Release|Any CPU.Build.0 = Release|Any CPU
		{51610FA5-3D9E-445C-BEF8-642586CEB2BC}.Debug|Any CPU.ActiveCfg = Debug|Any CPU
		{51610FA5-3D9E-445C-BEF8-642586CEB2BC}.Debug|Any CPU.Build.0 = Debug|Any CPU
		{51610FA5-3D9E-445C-BEF8-642586CEB2BC}.Release|Any CPU.ActiveCfg = Release|Any CPU
		{51610FA5-3D9E-445C-BEF8-642586CEB2BC}.Release|Any CPU.Build.0 = Release|Any CPU
		{21306BBC-16B4-4192-8C3E-F7154C1FBDA7}.Debug|Any CPU.ActiveCfg = Debug|Any CPU
		{21306BBC-16B4-4192-8C3E-F7154C1FBDA7}.Debug|Any CPU.Build.0 = Debug|Any CPU
		{21306BBC-16B4-4192-8C3E-F7154C1FBDA7}.Release|Any CPU.ActiveCfg = Release|Any CPU
		{21306BBC-16B4-4192-8C3E-F7154C1FBDA7}.Release|Any CPU.Build.0 = Release|Any CPU
		{2E407576-734D-4CCB-BCE6-E4472B94D3F6}.Debug|Any CPU.ActiveCfg = Debug|Any CPU
		{2E407576-734D-4CCB-BCE6-E4472B94D3F6}.Debug|Any CPU.Build.0 = Debug|Any CPU
		{2E407576-734D-4CCB-BCE6-E4472B94D3F6}.Release|Any CPU.ActiveCfg = Release|Any CPU
		{2E407576-734D-4CCB-BCE6-E4472B94D3F6}.Release|Any CPU.Build.0 = Release|Any CPU
		{85C8B5BC-DBA9-4842-A958-72D2A6F6FF7F}.Debug|Any CPU.ActiveCfg = Debug|Any CPU
		{85C8B5BC-DBA9-4842-A958-72D2A6F6FF7F}.Debug|Any CPU.Build.0 = Debug|Any CPU
		{85C8B5BC-DBA9-4842-A958-72D2A6F6FF7F}.Release|Any CPU.ActiveCfg = Release|Any CPU
		{85C8B5BC-DBA9-4842-A958-72D2A6F6FF7F}.Release|Any CPU.Build.0 = Release|Any CPU
		{F835217B-12AD-47EE-904D-3ADCFFFCD071}.Debug|Any CPU.ActiveCfg = Debug|Any CPU
		{F835217B-12AD-47EE-904D-3ADCFFFCD071}.Debug|Any CPU.Build.0 = Debug|Any CPU
		{F835217B-12AD-47EE-904D-3ADCFFFCD071}.Release|Any CPU.ActiveCfg = Release|Any CPU
		{F835217B-12AD-47EE-904D-3ADCFFFCD071}.Release|Any CPU.Build.0 = Release|Any CPU
		{D1F6E5FD-18F7-4558-90FA-456079E5CC38}.Debug|Any CPU.ActiveCfg = Debug|Any CPU
		{D1F6E5FD-18F7-4558-90FA-456079E5CC38}.Debug|Any CPU.Build.0 = Debug|Any CPU
		{D1F6E5FD-18F7-4558-90FA-456079E5CC38}.Release|Any CPU.ActiveCfg = Release|Any CPU
		{D1F6E5FD-18F7-4558-90FA-456079E5CC38}.Release|Any CPU.Build.0 = Release|Any CPU
		{E6D45BE2-2D2C-4C81-86A9-1A56AD05C31F}.Debug|Any CPU.ActiveCfg = Debug|Any CPU
		{E6D45BE2-2D2C-4C81-86A9-1A56AD05C31F}.Debug|Any CPU.Build.0 = Debug|Any CPU
		{E6D45BE2-2D2C-4C81-86A9-1A56AD05C31F}.Release|Any CPU.ActiveCfg = Release|Any CPU
		{E6D45BE2-2D2C-4C81-86A9-1A56AD05C31F}.Release|Any CPU.Build.0 = Release|Any CPU
	EndGlobalSection
	GlobalSection(SolutionProperties) = preSolution
		HideSolutionNode = FALSE
	EndGlobalSection
	GlobalSection(ExtensibilityGlobals) = postSolution
		SolutionGuid = {168CABD4-7137-4D93-9AAF-3DA99F53C9A7}
	EndGlobalSection
EndGlobal
