
Microsoft Visual Studio Solution File, Format Version 12.00
# Visual Studio Version 16
VisualStudioVersion = 16.0.29609.76
MinimumVisualStudioVersion = 10.0.40219.1
Project("{9A19103F-16F7-4668-BE54-9A1E7A4F7556}") = "CsharpIntermediate", "CsharpIntermediate\CsharpIntermediate.csproj", "{264ED8D6-7CC8-4B28-BA5D-CFA9A385FAC9}"
EndProject
Project("{9A19103F-16F7-4668-BE54-9A1E7A4F7556}") = "Collections", "Collections\Collections.csproj", "{7617476F-418E-4304-A384-1A920229D20D}"
EndProject
Project("{9A19103F-16F7-4668-BE54-9A1E7A4F7556}") = "Queue", "Queue\Queue.csproj", "{7A47ECF9-9166-4F2C-B41C-535C5F4F695A}"
EndProject
Project("{9A19103F-16F7-4668-BE54-9A1E7A4F7556}") = "HashSet", "HashSet\HashSet.csproj", "{7D2242A3-7235-4EF3-8FE2-7D4E079F99A1}"
EndProject
Project("{9A19103F-16F7-4668-BE54-9A1E7A4F7556}") = "Dictionary", "Dictionary\Dictionary.csproj", "{5F6517AB-6A24-4155-AA6E-47DEC9ED6EFF}"
EndProject
Project("{9A19103F-16F7-4668-BE54-9A1E7A4F7556}") = "SortedDet", "SortedDet\SortedDet.csproj", "{6DBD3BA3-5512-4F5C-A290-98F83AF889BB}"
EndProject
Project("{9A19103F-16F7-4668-BE54-9A1E7A4F7556}") = "Stack", "Stack\Stack.csproj", "{C7F6D88F-FDEA-4779-B538-4D3700DB65D2}"
EndProject
Project("{9A19103F-16F7-4668-BE54-9A1E7A4F7556}") = "BasicLinq", "BasicLinq\BasicLinq.csproj", "{DEE58454-8C1B-431F-8FEE-A23FD770A5C5}"
EndProject
Project("{9A19103F-16F7-4668-BE54-9A1E7A4F7556}") = "LinqExample", "LinqExample\LinqExample.csproj", "{BF8A33B9-C308-4ABC-A7E4-5EA67C2765DD}"
EndProject
Project("{FAE04EC0-301F-11D3-BF4B-00C04F79EFBC}") = "LINQJOINs", "LINQJOINs\LINQJOINs.csproj", "{6CEE23C9-8EE3-456C-99A2-63A10EBB3CB4}"
EndProject
Global
	GlobalSection(SolutionConfigurationPlatforms) = preSolution
		Debug|Any CPU = Debug|Any CPU
		Release|Any CPU = Release|Any CPU
	EndGlobalSection
	GlobalSection(ProjectConfigurationPlatforms) = postSolution
		{264ED8D6-7CC8-4B28-BA5D-CFA9A385FAC9}.Debug|Any CPU.ActiveCfg = Debug|Any CPU
		{264ED8D6-7CC8-4B28-BA5D-CFA9A385FAC9}.Debug|Any CPU.Build.0 = Debug|Any CPU
		{264ED8D6-7CC8-4B28-BA5D-CFA9A385FAC9}.Release|Any CPU.ActiveCfg = Release|Any CPU
		{264ED8D6-7CC8-4B28-BA5D-CFA9A385FAC9}.Release|Any CPU.Build.0 = Release|Any CPU
		{7617476F-418E-4304-A384-1A920229D20D}.Debug|Any CPU.ActiveCfg = Debug|Any CPU
		{7617476F-418E-4304-A384-1A920229D20D}.Debug|Any CPU.Build.0 = Debug|Any CPU
		{7617476F-418E-4304-A384-1A920229D20D}.Release|Any CPU.ActiveCfg = Release|Any CPU
		{7617476F-418E-4304-A384-1A920229D20D}.Release|Any CPU.Build.0 = Release|Any CPU
		{7A47ECF9-9166-4F2C-B41C-535C5F4F695A}.Debug|Any CPU.ActiveCfg = Debug|Any CPU
		{7A47ECF9-9166-4F2C-B41C-535C5F4F695A}.Debug|Any CPU.Build.0 = Debug|Any CPU
		{7A47ECF9-9166-4F2C-B41C-535C5F4F695A}.Release|Any CPU.ActiveCfg = Release|Any CPU
		{7A47ECF9-9166-4F2C-B41C-535C5F4F695A}.Release|Any CPU.Build.0 = Release|Any CPU
		{7D2242A3-7235-4EF3-8FE2-7D4E079F99A1}.Debug|Any CPU.ActiveCfg = Debug|Any CPU
		{7D2242A3-7235-4EF3-8FE2-7D4E079F99A1}.Debug|Any CPU.Build.0 = Debug|Any CPU
		{7D2242A3-7235-4EF3-8FE2-7D4E079F99A1}.Release|Any CPU.ActiveCfg = Release|Any CPU
		{7D2242A3-7235-4EF3-8FE2-7D4E079F99A1}.Release|Any CPU.Build.0 = Release|Any CPU
		{5F6517AB-6A24-4155-AA6E-47DEC9ED6EFF}.Debug|Any CPU.ActiveCfg = Debug|Any CPU
		{5F6517AB-6A24-4155-AA6E-47DEC9ED6EFF}.Debug|Any CPU.Build.0 = Debug|Any CPU
		{5F6517AB-6A24-4155-AA6E-47DEC9ED6EFF}.Release|Any CPU.ActiveCfg = Release|Any CPU
		{5F6517AB-6A24-4155-AA6E-47DEC9ED6EFF}.Release|Any CPU.Build.0 = Release|Any CPU
		{6DBD3BA3-5512-4F5C-A290-98F83AF889BB}.Debug|Any CPU.ActiveCfg = Debug|Any CPU
		{6DBD3BA3-5512-4F5C-A290-98F83AF889BB}.Debug|Any CPU.Build.0 = Debug|Any CPU
		{6DBD3BA3-5512-4F5C-A290-98F83AF889BB}.Release|Any CPU.ActiveCfg = Release|Any CPU
		{6DBD3BA3-5512-4F5C-A290-98F83AF889BB}.Release|Any CPU.Build.0 = Release|Any CPU
		{C7F6D88F-FDEA-4779-B538-4D3700DB65D2}.Debug|Any CPU.ActiveCfg = Debug|Any CPU
		{C7F6D88F-FDEA-4779-B538-4D3700DB65D2}.Debug|Any CPU.Build.0 = Debug|Any CPU
		{C7F6D88F-FDEA-4779-B538-4D3700DB65D2}.Release|Any CPU.ActiveCfg = Release|Any CPU
		{C7F6D88F-FDEA-4779-B538-4D3700DB65D2}.Release|Any CPU.Build.0 = Release|Any CPU
		{DEE58454-8C1B-431F-8FEE-A23FD770A5C5}.Debug|Any CPU.ActiveCfg = Debug|Any CPU
		{DEE58454-8C1B-431F-8FEE-A23FD770A5C5}.Debug|Any CPU.Build.0 = Debug|Any CPU
		{DEE58454-8C1B-431F-8FEE-A23FD770A5C5}.Release|Any CPU.ActiveCfg = Release|Any CPU
		{DEE58454-8C1B-431F-8FEE-A23FD770A5C5}.Release|Any CPU.Build.0 = Release|Any CPU
		{BF8A33B9-C308-4ABC-A7E4-5EA67C2765DD}.Debug|Any CPU.ActiveCfg = Debug|Any CPU
		{BF8A33B9-C308-4ABC-A7E4-5EA67C2765DD}.Debug|Any CPU.Build.0 = Debug|Any CPU
		{BF8A33B9-C308-4ABC-A7E4-5EA67C2765DD}.Release|Any CPU.ActiveCfg = Release|Any CPU
		{BF8A33B9-C308-4ABC-A7E4-5EA67C2765DD}.Release|Any CPU.Build.0 = Release|Any CPU
		{6CEE23C9-8EE3-456C-99A2-63A10EBB3CB4}.Debug|Any CPU.ActiveCfg = Debug|Any CPU
		{6CEE23C9-8EE3-456C-99A2-63A10EBB3CB4}.Debug|Any CPU.Build.0 = Debug|Any CPU
		{6CEE23C9-8EE3-456C-99A2-63A10EBB3CB4}.Release|Any CPU.ActiveCfg = Release|Any CPU
		{6CEE23C9-8EE3-456C-99A2-63A10EBB3CB4}.Release|Any CPU.Build.0 = Release|Any CPU
	EndGlobalSection
	GlobalSection(SolutionProperties) = preSolution
		HideSolutionNode = FALSE
	EndGlobalSection
	GlobalSection(ExtensibilityGlobals) = postSolution
		SolutionGuid = {62EEFFDA-BF93-4982-B914-00FC1E34AE6B}
	EndGlobalSection
EndGlobal
